
Microsoft Visual Studio Solution File, Format Version 12.00
# Visual Studio Version 17
VisualStudioVersion = 17.4.33213.308
MinimumVisualStudioVersion = 10.0.40219.1
Project("{9A19103F-16F7-4668-BE54-9A1E7A4F7556}") = "Aufgabe1", "Aufgabe1.csproj", "{4A39A3FD-459B-481D-ABB7-6DFD4FB5AD8F}"
EndProject
Project("{9A19103F-16F7-4668-BE54-9A1E7A4F7556}") = "Aufgabe2", "..\Aufgabe2\Aufgabe2.csproj", "{2C59BD86-52E7-4909-9DEB-EA349BF5B0B7}"
EndProject
Project("{9A19103F-16F7-4668-BE54-9A1E7A4F7556}") = "Aufgabe3", "..\Aufgabe3\Aufgabe3.csproj", "{1F29E71C-7F99-4F49-A858-C1EC6481A394}"
EndProject
Project("{FAE04EC0-301F-11D3-BF4B-00C04F79EFBC}") = "Aufgabe4", "..\Aufgabe4\Aufgabe4.csproj", "{8607B82B-E8CA-4F36-A071-CB83393FEB07}"
EndProject
Global
	GlobalSection(SolutionConfigurationPlatforms) = preSolution
		Debug|Any CPU = Debug|Any CPU
		Release|Any CPU = Release|Any CPU
	EndGlobalSection
	GlobalSection(ProjectConfigurationPlatforms) = postSolution
		{4A39A3FD-459B-481D-ABB7-6DFD4FB5AD8F}.Debug|Any CPU.ActiveCfg = Debug|Any CPU
		{4A39A3FD-459B-481D-ABB7-6DFD4FB5AD8F}.Debug|Any CPU.Build.0 = Debug|Any CPU
		{4A39A3FD-459B-481D-ABB7-6DFD4FB5AD8F}.Release|Any CPU.ActiveCfg = Release|Any CPU
		{4A39A3FD-459B-481D-ABB7-6DFD4FB5AD8F}.Release|Any CPU.Build.0 = Release|Any CPU
		{2C59BD86-52E7-4909-9DEB-EA349BF5B0B7}.Debug|Any CPU.ActiveCfg = Debug|Any CPU
		{2C59BD86-52E7-4909-9DEB-EA349BF5B0B7}.Debug|Any CPU.Build.0 = Debug|Any CPU
		{2C59BD86-52E7-4909-9DEB-EA349BF5B0B7}.Release|Any CPU.ActiveCfg = Release|Any CPU
		{2C59BD86-52E7-4909-9DEB-EA349BF5B0B7}.Release|Any CPU.Build.0 = Release|Any CPU
		{1F29E71C-7F99-4F49-A858-C1EC6481A394}.Debug|Any CPU.ActiveCfg = Debug|Any CPU
		{1F29E71C-7F99-4F49-A858-C1EC6481A394}.Debug|Any CPU.Build.0 = Debug|Any CPU
		{1F29E71C-7F99-4F49-A858-C1EC6481A394}.Release|Any CPU.ActiveCfg = Release|Any CPU
		{1F29E71C-7F99-4F49-A858-C1EC6481A394}.Release|Any CPU.Build.0 = Release|Any CPU
		{8607B82B-E8CA-4F36-A071-CB83393FEB07}.Debug|Any CPU.ActiveCfg = Debug|Any CPU
		{8607B82B-E8CA-4F36-A071-CB83393FEB07}.Debug|Any CPU.Build.0 = Debug|Any CPU
		{8607B82B-E8CA-4F36-A071-CB83393FEB07}.Release|Any CPU.ActiveCfg = Release|Any CPU
		{8607B82B-E8CA-4F36-A071-CB83393FEB07}.Release|Any CPU.Build.0 = Release|Any CPU
	EndGlobalSection
	GlobalSection(SolutionProperties) = preSolution
		HideSolutionNode = FALSE
	EndGlobalSection
	GlobalSection(ExtensibilityGlobals) = postSolution
		SolutionGuid = {0E2649A4-0E84-4C88-9BC7-9BECD206F549}
	EndGlobalSection
EndGlobal
